
Microsoft Visual Studio Solution File, Format Version 12.00
# Visual Studio 15
VisualStudioVersion = 15.0.26730.16
MinimumVisualStudioVersion = 10.0.40219.1
Project("{9A19103F-16F7-4668-BE54-9A1E7A4F7556}") = "ClinicReservation", "ClinicReservation\ClinicReservation.csproj", "{29546250-E517-4A4E-AA0C-9F76B039688E}"
EndProject
Project("{E53339B2-1760-4266-BCC7-CA923CBCF16C}") = "docker-compose", "docker-compose.dcproj", "{694C565F-4459-4E6F-8D18-49878E745D12}"
EndProject
Global
	GlobalSection(SolutionConfigurationPlatforms) = preSolution
		Debug|Any CPU = Debug|Any CPU
		Debug|x86 = Debug|x86
		Release|Any CPU = Release|Any CPU
		Release|x86 = Release|x86
	EndGlobalSection
	GlobalSection(ProjectConfigurationPlatforms) = postSolution
		{29546250-E517-4A4E-AA0C-9F76B039688E}.Debug|Any CPU.ActiveCfg = Debug|Any CPU
		{29546250-E517-4A4E-AA0C-9F76B039688E}.Debug|Any CPU.Build.0 = Debug|Any CPU
		{29546250-E517-4A4E-AA0C-9F76B039688E}.Debug|x86.ActiveCfg = Debug|Any CPU
		{29546250-E517-4A4E-AA0C-9F76B039688E}.Debug|x86.Build.0 = Debug|Any CPU
		{29546250-E517-4A4E-AA0C-9F76B039688E}.Release|Any CPU.ActiveCfg = Release|Any CPU
		{29546250-E517-4A4E-AA0C-9F76B039688E}.Release|Any CPU.Build.0 = Release|Any CPU
		{29546250-E517-4A4E-AA0C-9F76B039688E}.Release|x86.ActiveCfg = Release|Any CPU
		{29546250-E517-4A4E-AA0C-9F76B039688E}.Release|x86.Build.0 = Release|Any CPU
		{694C565F-4459-4E6F-8D18-49878E745D12}.Debug|Any CPU.ActiveCfg = Debug|Any CPU
		{694C565F-4459-4E6F-8D18-49878E745D12}.Debug|Any CPU.Build.0 = Debug|Any CPU
		{694C565F-4459-4E6F-8D18-49878E745D12}.Debug|x86.ActiveCfg = Debug|Any CPU
		{694C565F-4459-4E6F-8D18-49878E745D12}.Debug|x86.Build.0 = Debug|Any CPU
		{694C565F-4459-4E6F-8D18-49878E745D12}.Release|Any CPU.ActiveCfg = Release|Any CPU
		{694C565F-4459-4E6F-8D18-49878E745D12}.Release|Any CPU.Build.0 = Release|Any CPU
		{694C565F-4459-4E6F-8D18-49878E745D12}.Release|x86.ActiveCfg = Release|Any CPU
		{694C565F-4459-4E6F-8D18-49878E745D12}.Release|x86.Build.0 = Release|Any CPU
	EndGlobalSection
	GlobalSection(SolutionProperties) = preSolution
		HideSolutionNode = FALSE
	EndGlobalSection
	GlobalSection(ExtensibilityGlobals) = postSolution
		SolutionGuid = {D08E24B3-797C-4600-BB7F-4AF3DE913995}
	EndGlobalSection
EndGlobal
